
Microsoft Visual Studio Solution File, Format Version 12.00
# Visual Studio 15
VisualStudioVersion = 15.0.28307.489
MinimumVisualStudioVersion = 10.0.40219.1
Project("{FAE04EC0-301F-11D3-BF4B-00C04F79EFBC}") = "Library-ManagementGUI", "Library-ManagementGUI\Library-ManagementGUI.csproj", "{F9CFB682-E9AA-4E5D-BE00-BB8596C00570}"
EndProject
Project("{FAE04EC0-301F-11D3-BF4B-00C04F79EFBC}") = "BUS", "BUS\BUS.csproj", "{6A736DC4-2936-4B4A-83B3-AEFD574B46DD}"
EndProject
Project("{FAE04EC0-301F-11D3-BF4B-00C04F79EFBC}") = "DAL", "DAL\DAL.csproj", "{5D743C35-6F26-4B97-9AA2-D945BF1B0FB5}"
EndProject
Project("{FAE04EC0-301F-11D3-BF4B-00C04F79EFBC}") = "DTO", "DTO\DTO.csproj", "{ACCA0E93-23A9-4050-B098-91FBA2108005}"
EndProject
Global
	GlobalSection(SolutionConfigurationPlatforms) = preSolution
		Debug|Any CPU = Debug|Any CPU
		Release|Any CPU = Release|Any CPU
	EndGlobalSection
	GlobalSection(ProjectConfigurationPlatforms) = postSolution
		{F9CFB682-E9AA-4E5D-BE00-BB8596C00570}.Debug|Any CPU.ActiveCfg = Debug|Any CPU
		{F9CFB682-E9AA-4E5D-BE00-BB8596C00570}.Debug|Any CPU.Build.0 = Debug|Any CPU
		{F9CFB682-E9AA-4E5D-BE00-BB8596C00570}.Release|Any CPU.ActiveCfg = Release|Any CPU
		{F9CFB682-E9AA-4E5D-BE00-BB8596C00570}.Release|Any CPU.Build.0 = Release|Any CPU
		{6A736DC4-2936-4B4A-83B3-AEFD574B46DD}.Debug|Any CPU.ActiveCfg = Debug|Any CPU
		{6A736DC4-2936-4B4A-83B3-AEFD574B46DD}.Debug|Any CPU.Build.0 = Debug|Any CPU
		{6A736DC4-2936-4B4A-83B3-AEFD574B46DD}.Release|Any CPU.ActiveCfg = Release|Any CPU
		{6A736DC4-2936-4B4A-83B3-AEFD574B46DD}.Release|Any CPU.Build.0 = Release|Any CPU
		{5D743C35-6F26-4B97-9AA2-D945BF1B0FB5}.Debug|Any CPU.ActiveCfg = Debug|Any CPU
		{5D743C35-6F26-4B97-9AA2-D945BF1B0FB5}.Debug|Any CPU.Build.0 = Debug|Any CPU
		{5D743C35-6F26-4B97-9AA2-D945BF1B0FB5}.Release|Any CPU.ActiveCfg = Release|Any CPU
		{5D743C35-6F26-4B97-9AA2-D945BF1B0FB5}.Release|Any CPU.Build.0 = Release|Any CPU
		{ACCA0E93-23A9-4050-B098-91FBA2108005}.Debug|Any CPU.ActiveCfg = Debug|Any CPU
		{ACCA0E93-23A9-4050-B098-91FBA2108005}.Debug|Any CPU.Build.0 = Debug|Any CPU
		{ACCA0E93-23A9-4050-B098-91FBA2108005}.Release|Any CPU.ActiveCfg = Release|Any CPU
		{ACCA0E93-23A9-4050-B098-91FBA2108005}.Release|Any CPU.Build.0 = Release|Any CPU
	EndGlobalSection
	GlobalSection(SolutionProperties) = preSolution
		HideSolutionNode = FALSE
	EndGlobalSection
	GlobalSection(ExtensibilityGlobals) = postSolution
		SolutionGuid = {7187AAEC-1F87-40F0-981E-E81640EC0691}
	EndGlobalSection
EndGlobal
